// !$*UTF8*$!
{
	archiveVersion = 1;
	classes = {
	};
	objectVersion = 46;
	objects = {

/* Begin PBXBuildFile section */
		7886B4991CF8AB9F00C72B60 /* AppDelegate.swift in Sources */ = {isa = PBXBuildFile; fileRef = 7886B4981CF8AB9F00C72B60 /* AppDelegate.swift */; };
		7886B49B1CF8AB9F00C72B60 /* ViewController.swift in Sources */ = {isa = PBXBuildFile; fileRef = 7886B49A1CF8AB9F00C72B60 /* ViewController.swift */; };
		7886B49E1CF8AB9F00C72B60 /* Main.storyboard in Resources */ = {isa = PBXBuildFile; fileRef = 7886B49C1CF8AB9F00C72B60 /* Main.storyboard */; };
		7886B4A01CF8AB9F00C72B60 /* Assets.xcassets in Resources */ = {isa = PBXBuildFile; fileRef = 7886B49F1CF8AB9F00C72B60 /* Assets.xcassets */; };
		7886B4A31CF8AB9F00C72B60 /* LaunchScreen.storyboard in Resources */ = {isa = PBXBuildFile; fileRef = 7886B4A11CF8AB9F00C72B60 /* LaunchScreen.storyboard */; };
		7886B4AD1CF8B61500C72B60 /* level1.txt in Resources */ = {isa = PBXBuildFile; fileRef = 7886B4AB1CF8B61500C72B60 /* level1.txt */; };
		7886B4AE1CF8B61500C72B60 /* level2.txt in Resources */ = {isa = PBXBuildFile; fileRef = 7886B4AC1CF8B61500C72B60 /* level2.txt */; };
/* End PBXBuildFile section */

/* Begin PBXFileReference section */
		7886B4951CF8AB9F00C72B60 /* HWSproject8.app */ = {isa = PBXFileReference; explicitFileType = wrapper.application; includeInIndex = 0; path = HWSproject8.app; sourceTree = BUILT_PRODUCTS_DIR; };
		7886B4981CF8AB9F00C72B60 /* AppDelegate.swift */ = {isa = PBXFileReference; lastKnownFileType = sourcecode.swift; path = AppDelegate.swift; sourceTree = "<group>"; };
		7886B49A1CF8AB9F00C72B60 /* ViewController.swift */ = {isa = PBXFileReference; lastKnownFileType = sourcecode.swift; path = ViewController.swift; sourceTree = "<group>"; };
		7886B49D1CF8AB9F00C72B60 /* Base */ = {isa = PBXFileReference; lastKnownFileType = file.storyboard; name = Base; path = Base.lproj/Main.storyboard; sourceTree = "<group>"; };
		7886B49F1CF8AB9F00C72B60 /* Assets.xcassets */ = {isa = PBXFileReference; lastKnownFileType = folder.assetcatalog; path = Assets.xcassets; sourceTree = "<group>"; };
		7886B4A21CF8AB9F00C72B60 /* Base */ = {isa = PBXFileReference; lastKnownFileType = file.storyboard; name = Base; path = Base.lproj/LaunchScreen.storyboard; sourceTree = "<group>"; };
		7886B4A41CF8AB9F00C72B60 /* Info.plist */ = {isa = PBXFileReference; lastKnownFileType = text.plist.xml; path = Info.plist; sourceTree = "<group>"; };
		7886B4AB1CF8B61500C72B60 /* level1.txt */ = {isa = PBXFileReference; fileEncoding = 4; lastKnownFileType = text; path = level1.txt; sourceTree = "<group>"; };
		7886B4AC1CF8B61500C72B60 /* level2.txt */ = {isa = PBXFileReference; fileEncoding = 4; lastKnownFileType = text; path = level2.txt; sourceTree = "<group>"; };
/* End PBXFileReference section */

/* Begin PBXFrameworksBuildPhase section */
		7886B4921CF8AB9F00C72B60 /* Frameworks */ = {
			isa = PBXFrameworksBuildPhase;
			buildActionMask = 2147483647;
			files = (
			);
			runOnlyForDeploymentPostprocessing = 0;
		};
/* End PBXFrameworksBuildPhase section */

/* Begin PBXGroup section */
		7886B48C1CF8AB9F00C72B60 = {
			isa = PBXGroup;
			children = (
				7886B4971CF8AB9F00C72B60 /* HWSproject8 */,
				7886B4961CF8AB9F00C72B60 /* Products */,
			);
			sourceTree = "<group>";
		};
		7886B4961CF8AB9F00C72B60 /* Products */ = {
			isa = PBXGroup;
			children = (
				7886B4951CF8AB9F00C72B60 /* HWSproject8.app */,
			);
			name = Products;
			sourceTree = "<group>";
		};
		7886B4971CF8AB9F00C72B60 /* HWSproject8 */ = {
			isa = PBXGroup;
			children = (
				7886B49A1CF8AB9F00C72B60 /* ViewController.swift */,
				7886B49C1CF8AB9F00C72B60 /* Main.storyboard */,
				7886B4AA1CF8ABED00C72B60 /* Supporting */,
			);
			path = HWSproject8;
			sourceTree = "<group>";
		};
		7886B4AA1CF8ABED00C72B60 /* Supporting */ = {
			isa = PBXGroup;
			children = (
				7886B4AB1CF8B61500C72B60 /* level1.txt */,
				7886B4AC1CF8B61500C72B60 /* level2.txt */,
				7886B4981CF8AB9F00C72B60 /* AppDelegate.swift */,
				7886B49F1CF8AB9F00C72B60 /* Assets.xcassets */,
				7886B4A11CF8AB9F00C72B60 /* LaunchScreen.storyboard */,
				7886B4A41CF8AB9F00C72B60 /* Info.plist */,
			);
			name = Supporting;
			sourceTree = "<group>";
		};
/* End PBXGroup section */

/* Begin PBXNativeTarget section */
		7886B4941CF8AB9F00C72B60 /* HWSproject8 */ = {
			isa = PBXNativeTarget;
			buildConfigurationList = 7886B4A71CF8AB9F00C72B60 /* Build configuration list for PBXNativeTarget "HWSproject8" */;
			buildPhases = (
				7886B4911CF8AB9F00C72B60 /* Sources */,
				7886B4921CF8AB9F00C72B60 /* Frameworks */,
				7886B4931CF8AB9F00C72B60 /* Resources */,
			);
			buildRules = (
			);
			dependencies = (
			);
			name = HWSproject8;
			productName = HWSproject8;
			productReference = 7886B4951CF8AB9F00C72B60 /* HWSproject8.app */;
			productType = "com.apple.product-type.application";
		};
/* End PBXNativeTarget section */

/* Begin PBXProject section */
		7886B48D1CF8AB9F00C72B60 /* Project object */ = {
			isa = PBXProject;
			attributes = {
				LastSwiftUpdateCheck = 0730;
				LastUpgradeCheck = 0730;
				ORGANIZATIONNAME = "Jamaal Sedayao";
				TargetAttributes = {
					7886B4941CF8AB9F00C72B60 = {
						CreatedOnToolsVersion = 7.3.1;
					};
				};
			};
			buildConfigurationList = 7886B4901CF8AB9F00C72B60 /* Build configuration list for PBXProject "HWSproject8" */;
			compatibilityVersion = "Xcode 3.2";
			developmentRegion = English;
			hasScannedForEncodings = 0;
			knownRegions = (
				en,
				Base,
			);
			mainGroup = 7886B48C1CF8AB9F00C72B60;
			productRefGroup = 7886B4961CF8AB9F00C72B60 /* Products */;
			projectDirPath = "";
			projectRoot = "";
			targets = (
				7886B4941CF8AB9F00C72B60 /* HWSproject8 */,
			);
		};
/* End PBXProject section */

/* Begin PBXResourcesBuildPhase section */
		7886B4931CF8AB9F00C72B60 /* Resources */ = {
			isa = PBXResourcesBuildPhase;
			buildActionMask = 2147483647;
			files = (
				7886B4AE1CF8B61500C72B60 /* level2.txt in Resources */,
				7886B4A31CF8AB9F00C72B60 /* LaunchScreen.storyboard in Resources */,
				7886B4AD1CF8B61500C72B60 /* level1.txt in Resources */,
				7886B4A01CF8AB9F00C72B60 /* Assets.xcassets in Resources */,
				7886B49E1CF8AB9F00C72B60 /* Main.storyboard in Resources */,
			);
			runOnlyForDeploymentPostprocessing = 0;
		};
/* End PBXResourcesBuildPhase section */

/* Begin PBXSourcesBuildPhase section */
		7886B4911CF8AB9F00C72B60 /* Sources */ = {
			isa = PBXSourcesBuildPhase;
			buildActionMask = 2147483647;
			files = (
				7886B49B1CF8AB9F00C72B60 /* ViewController.swift in Sources */,
				7886B4991CF8AB9F00C72B60 /* AppDelegate.swift in Sources */,
			);
			runOnlyForDeploymentPostprocessing = 0;
		};
/* End PBXSourcesBuildPhase section */

/* Begin PBXVariantGroup section */
		7886B49C1CF8AB9F00C72B60 /* Main.storyboard */ = {
			isa = PBXVariantGroup;
			children = (
				7886B49D1CF8AB9F00C72B60 /* Base */,
			);
			name = Main.storyboard;
			sourceTree = "<group>";
		};
		7886B4A11CF8AB9F00C72B60 /* LaunchScreen.storyboard */ = {
			isa = PBXVariantGroup;
			children = (
				7886B4A21CF8AB9F00C72B60 /* Base */,
			);
			name = LaunchScreen.storyboard;
			sourceTree = "<group>";
		};
/* End PBXVariantGroup section */

/* Begin XCBuildConfiguration section */
		7886B4A51CF8AB9F00C72B60 /* Debug */ = {
			isa = XCBuildConfiguration;
			buildSettings = {
				ALWAYS_SEARCH_USER_PATHS = NO;
				CLANG_ANALYZER_NONNULL = YES;
				CLANG_CXX_LANGUAGE_STANDARD = "gnu++0x";
				CLANG_CXX_LIBRARY = "libc++";
				CLANG_ENABLE_MODULES = YES;
				CLANG_ENABLE_OBJC_ARC = YES;
				CLANG_WARN_BOOL_CONVERSION = YES;
				CLANG_WARN_CONSTANT_CONVERSION = YES;
				CLANG_WARN_DIRECT_OBJC_ISA_USAGE = YES_ERROR;
				CLANG_WARN_EMPTY_BODY = YES;
				CLANG_WARN_ENUM_CONVERSION = YES;
				CLANG_WARN_INT_CONVERSION = YES;
				CLANG_WARN_OBJC_ROOT_CLASS = YES_ERROR;
				CLANG_WARN_UNREACHABLE_CODE = YES;
				CLANG_WARN__DUPLICATE_METHOD_MATCH = YES;
				"CODE_SIGN_IDENTITY[sdk=iphoneos*]" = "iPhone Developer";
				COPY_PHASE_STRIP = NO;
				DEBUG_INFORMATION_FORMAT = dwarf;
				ENABLE_STRICT_OBJC_MSGSEND = YES;
				ENABLE_TESTABILITY = YES;
				GCC_C_LANGUAGE_STANDARD = gnu99;
				GCC_DYNAMIC_NO_PIC = NO;
				GCC_NO_COMMON_BLOCKS = YES;
				GCC_OPTIMIZATION_LEVEL = 0;
				GCC_PREPROCESSOR_DEFINITIONS = (
					"DEBUG=1",
					"$(inherited)",
				);
				GCC_WARN_64_TO_32_BIT_CONVERSION = YES;
				GCC_WARN_ABOUT_RETURN_TYPE = YES_ERROR;
				GCC_WARN_UNDECLARED_SELECTOR = YES;
				GCC_WARN_UNINITIALIZED_AUTOS = YES_AGGRESSIVE;
				GCC_WARN_UNUSED_FUNCTION = YES;
				GCC_WARN_UNUSED_VARIABLE = YES;
				IPHONEOS_DEPLOYMENT_TARGET = 9.3;
				MTL_ENABLE_DEBUG_INFO = YES;
				ONLY_ACTIVE_ARCH = YES;
				SDKROOT = iphoneos;
				SWIFT_OPTIMIZATION_LEVEL = "-Onone";
				TARGETED_DEVICE_FAMILY = 2;
			};
			name = Debug;
		};
		7886B4A61CF8AB9F00C72B60 /* Release */ = {
			isa = XCBuildConfiguration;
			buildSettings = {
				ALWAYS_SEARCH_USER_PATHS = NO;
				CLANG_ANALYZER_NONNULL = YES;
				CLANG_CXX_LANGUAGE_STANDARD = "gnu++0x";
				CLANG_CXX_LIBRARY = "libc++";
				CLANG_ENABLE_MODULES = YES;
				CLANG_ENABLE_OBJC_ARC = YES;
				CLANG_WARN_BOOL_CONVERSION = YES;
				CLANG_WARN_CONSTANT_CONVERSION = YES;
				CLANG_WARN_DIRECT_OBJC_ISA_USAGE = YES_ERROR;
				CLANG_WARN_EMPTY_BODY = YES;
				CLANG_WARN_ENUM_CONVERSION = YES;
				CLANG_WARN_INT_CONVERSION = YES;
				CLANG_WARN_OBJC_ROOT_CLASS = YES_ERROR;
				CLANG_WARN_UNREACHABLE_CODE = YES;
				CLANG_WARN__DUPLICATE_METHOD_MATCH = YES;
				"CODE_SIGN_IDENTITY[sdk=iphoneos*]" = "iPhone Developer";
				COPY_PHASE_STRIP = NO;
				DEBUG_INFORMATION_FORMAT = "dwarf-with-dsym";
				ENABLE_NS_ASSERTIONS = NO;
				ENABLE_STRICT_OBJC_MSGSEND = YES;
				GCC_C_LANGUAGE_STANDARD = gnu99;
				GCC_NO_COMMON_BLOCKS = YES;
				GCC_WARN_64_TO_32_BIT_CONVERSION = YES;
				GCC_WARN_ABOUT_RETURN_TYPE = YES_ERROR;
				GCC_WARN_UNDECLARED_SELECTOR = YES;
				GCC_WARN_UNINITIALIZED_AUTOS = YES_AGGRESSIVE;
				GCC_WARN_UNUSED_FUNCTION = YES;
				GCC_WARN_UNUSED_VARIABLE = YES;
				IPHONEOS_DEPLOYMENT_TARGET = 9.3;
				MTL_ENABLE_DEBUG_INFO = NO;
				SDKROOT = iphoneos;
				TARGETED_DEVICE_FAMILY = 2;
				VALIDATE_PRODUCT = YES;
			};
			name = Release;
		};
		7886B4A81CF8AB9F00C72B60 /* Debug */ = {
			isa = XCBuildConfiguration;
			buildSettings = {
				ASSETCATALOG_COMPILER_APPICON_NAME = AppIcon;
				INFOPLIST_FILE = HWSproject8/Info.plist;
				LD_RUNPATH_SEARCH_PATHS = "$(inherited) @executable_path/Frameworks";
				PRODUCT_BUNDLE_IDENTIFIER = com.jamaalsedayao.HWSproject8;
				PRODUCT_NAME = "$(TARGET_NAME)";
			};
			name = Debug;
		};
		7886B4A91CF8AB9F00C72B60 /* Release */ = {
			isa = XCBuildConfiguration;
			buildSettings = {
				ASSETCATALOG_COMPILER_APPICON_NAME = AppIcon;
				INFOPLIST_FILE = HWSproject8/Info.plist;
				LD_RUNPATH_SEARCH_PATHS = "$(inherited) @executable_path/Frameworks";
				PRODUCT_BUNDLE_IDENTIFIER = com.jamaalsedayao.HWSproject8;
				PRODUCT_NAME = "$(TARGET_NAME)";
			};
			name = Release;
		};
/* End XCBuildConfiguration section */

/* Begin XCConfigurationList section */
		7886B4901CF8AB9F00C72B60 /* Build configuration list for PBXProject "HWSproject8" */ = {
			isa = XCConfigurationList;
			buildConfigurations = (
				7886B4A51CF8AB9F00C72B60 /* Debug */,
				7886B4A61CF8AB9F00C72B60 /* Release */,
			);
			defaultConfigurationIsVisible = 0;
			defaultConfigurationName = Release;
		};
		7886B4A71CF8AB9F00C72B60 /* Build configuration list for PBXNativeTarget "HWSproject8" */ = {
			isa = XCConfigurationList;
			buildConfigurations = (
				7886B4A81CF8AB9F00C72B60 /* Debug */,
				7886B4A91CF8AB9F00C72B60 /* Release */,
			);
			defaultConfigurationIsVisible = 0;
		};
/* End XCConfigurationList section */
	};
	rootObject = 7886B48D1CF8AB9F00C72B60 /* Project object */;
}
