// !$*UTF8*$!
{
	archiveVersion = 1;
	classes = {
	};
	objectVersion = 46;
	objects = {

/* Begin PBXBuildFile section */
		78B788711CFDEA1D008BFE18 /* AppDelegate.swift in Sources */ = {isa = PBXBuildFile; fileRef = 78B788701CFDEA1D008BFE18 /* AppDelegate.swift */; };
		78B788731CFDEA1D008BFE18 /* ViewController.swift in Sources */ = {isa = PBXBuildFile; fileRef = 78B788721CFDEA1D008BFE18 /* ViewController.swift */; };
		78B788761CFDEA1D008BFE18 /* Main.storyboard in Resources */ = {isa = PBXBuildFile; fileRef = 78B788741CFDEA1D008BFE18 /* Main.storyboard */; };
		78B788781CFDEA1D008BFE18 /* Assets.xcassets in Resources */ = {isa = PBXBuildFile; fileRef = 78B788771CFDEA1D008BFE18 /* Assets.xcassets */; };
		78B7887B1CFDEA1D008BFE18 /* LaunchScreen.storyboard in Resources */ = {isa = PBXBuildFile; fileRef = 78B788791CFDEA1D008BFE18 /* LaunchScreen.storyboard */; };
		78B788831CFDEEAE008BFE18 /* PersonCell.swift in Sources */ = {isa = PBXBuildFile; fileRef = 78B788821CFDEEAE008BFE18 /* PersonCell.swift */; };
		78B788851CFDFCEB008BFE18 /* Person.swift in Sources */ = {isa = PBXBuildFile; fileRef = 78B788841CFDFCEB008BFE18 /* Person.swift */; };
/* End PBXBuildFile section */

/* Begin PBXFileReference section */
		78B7886D1CFDEA1D008BFE18 /* HWS_project10.app */ = {isa = PBXFileReference; explicitFileType = wrapper.application; includeInIndex = 0; path = HWS_project10.app; sourceTree = BUILT_PRODUCTS_DIR; };
		78B788701CFDEA1D008BFE18 /* AppDelegate.swift */ = {isa = PBXFileReference; lastKnownFileType = sourcecode.swift; path = AppDelegate.swift; sourceTree = "<group>"; };
		78B788721CFDEA1D008BFE18 /* ViewController.swift */ = {isa = PBXFileReference; lastKnownFileType = sourcecode.swift; path = ViewController.swift; sourceTree = "<group>"; };
		78B788751CFDEA1D008BFE18 /* Base */ = {isa = PBXFileReference; lastKnownFileType = file.storyboard; name = Base; path = Base.lproj/Main.storyboard; sourceTree = "<group>"; };
		78B788771CFDEA1D008BFE18 /* Assets.xcassets */ = {isa = PBXFileReference; lastKnownFileType = folder.assetcatalog; path = Assets.xcassets; sourceTree = "<group>"; };
		78B7887A1CFDEA1D008BFE18 /* Base */ = {isa = PBXFileReference; lastKnownFileType = file.storyboard; name = Base; path = Base.lproj/LaunchScreen.storyboard; sourceTree = "<group>"; };
		78B7887C1CFDEA1D008BFE18 /* Info.plist */ = {isa = PBXFileReference; lastKnownFileType = text.plist.xml; path = Info.plist; sourceTree = "<group>"; };
		78B788821CFDEEAE008BFE18 /* PersonCell.swift */ = {isa = PBXFileReference; fileEncoding = 4; lastKnownFileType = sourcecode.swift; path = PersonCell.swift; sourceTree = "<group>"; };
		78B788841CFDFCEB008BFE18 /* Person.swift */ = {isa = PBXFileReference; fileEncoding = 4; lastKnownFileType = sourcecode.swift; path = Person.swift; sourceTree = "<group>"; };
/* End PBXFileReference section */

/* Begin PBXFrameworksBuildPhase section */
		78B7886A1CFDEA1D008BFE18 /* Frameworks */ = {
			isa = PBXFrameworksBuildPhase;
			buildActionMask = 2147483647;
			files = (
			);
			runOnlyForDeploymentPostprocessing = 0;
		};
/* End PBXFrameworksBuildPhase section */

/* Begin PBXGroup section */
		78B788641CFDEA1D008BFE18 = {
			isa = PBXGroup;
			children = (
				78B7886F1CFDEA1D008BFE18 /* HWS_project10 */,
				78B7886E1CFDEA1D008BFE18 /* Products */,
			);
			sourceTree = "<group>";
		};
		78B7886E1CFDEA1D008BFE18 /* Products */ = {
			isa = PBXGroup;
			children = (
				78B7886D1CFDEA1D008BFE18 /* HWS_project10.app */,
			);
			name = Products;
			sourceTree = "<group>";
		};
		78B7886F1CFDEA1D008BFE18 /* HWS_project10 */ = {
			isa = PBXGroup;
			children = (
				78B788701CFDEA1D008BFE18 /* AppDelegate.swift */,
				78B788721CFDEA1D008BFE18 /* ViewController.swift */,
				78B788841CFDFCEB008BFE18 /* Person.swift */,
				78B788741CFDEA1D008BFE18 /* Main.storyboard */,
				78B788821CFDEEAE008BFE18 /* PersonCell.swift */,
				78B788771CFDEA1D008BFE18 /* Assets.xcassets */,
				78B788791CFDEA1D008BFE18 /* LaunchScreen.storyboard */,
				78B7887C1CFDEA1D008BFE18 /* Info.plist */,
			);
			path = HWS_project10;
			sourceTree = "<group>";
		};
/* End PBXGroup section */

/* Begin PBXNativeTarget section */
		78B7886C1CFDEA1D008BFE18 /* HWS_project10 */ = {
			isa = PBXNativeTarget;
			buildConfigurationList = 78B7887F1CFDEA1D008BFE18 /* Build configuration list for PBXNativeTarget "HWS_project10" */;
			buildPhases = (
				78B788691CFDEA1D008BFE18 /* Sources */,
				78B7886A1CFDEA1D008BFE18 /* Frameworks */,
				78B7886B1CFDEA1D008BFE18 /* Resources */,
			);
			buildRules = (
			);
			dependencies = (
			);
			name = HWS_project10;
			productName = HWS_project10;
			productReference = 78B7886D1CFDEA1D008BFE18 /* HWS_project10.app */;
			productType = "com.apple.product-type.application";
		};
/* End PBXNativeTarget section */

/* Begin PBXProject section */
		78B788651CFDEA1D008BFE18 /* Project object */ = {
			isa = PBXProject;
			attributes = {
				LastSwiftUpdateCheck = 0730;
				LastUpgradeCheck = 0730;
				ORGANIZATIONNAME = "Jamaal Sedayao";
				TargetAttributes = {
					78B7886C1CFDEA1D008BFE18 = {
						CreatedOnToolsVersion = 7.3.1;
						DevelopmentTeam = Z368FJ9ZFJ;
					};
				};
			};
			buildConfigurationList = 78B788681CFDEA1D008BFE18 /* Build configuration list for PBXProject "HWS_project10" */;
			compatibilityVersion = "Xcode 3.2";
			developmentRegion = English;
			hasScannedForEncodings = 0;
			knownRegions = (
				en,
				Base,
			);
			mainGroup = 78B788641CFDEA1D008BFE18;
			productRefGroup = 78B7886E1CFDEA1D008BFE18 /* Products */;
			projectDirPath = "";
			projectRoot = "";
			targets = (
				78B7886C1CFDEA1D008BFE18 /* HWS_project10 */,
			);
		};
/* End PBXProject section */

/* Begin PBXResourcesBuildPhase section */
		78B7886B1CFDEA1D008BFE18 /* Resources */ = {
			isa = PBXResourcesBuildPhase;
			buildActionMask = 2147483647;
			files = (
				78B7887B1CFDEA1D008BFE18 /* LaunchScreen.storyboard in Resources */,
				78B788781CFDEA1D008BFE18 /* Assets.xcassets in Resources */,
				78B788761CFDEA1D008BFE18 /* Main.storyboard in Resources */,
			);
			runOnlyForDeploymentPostprocessing = 0;
		};
/* End PBXResourcesBuildPhase section */

/* Begin PBXSourcesBuildPhase section */
		78B788691CFDEA1D008BFE18 /* Sources */ = {
			isa = PBXSourcesBuildPhase;
			buildActionMask = 2147483647;
			files = (
				78B788831CFDEEAE008BFE18 /* PersonCell.swift in Sources */,
				78B788731CFDEA1D008BFE18 /* ViewController.swift in Sources */,
				78B788851CFDFCEB008BFE18 /* Person.swift in Sources */,
				78B788711CFDEA1D008BFE18 /* AppDelegate.swift in Sources */,
			);
			runOnlyForDeploymentPostprocessing = 0;
		};
/* End PBXSourcesBuildPhase section */

/* Begin PBXVariantGroup section */
		78B788741CFDEA1D008BFE18 /* Main.storyboard */ = {
			isa = PBXVariantGroup;
			children = (
				78B788751CFDEA1D008BFE18 /* Base */,
			);
			name = Main.storyboard;
			sourceTree = "<group>";
		};
		78B788791CFDEA1D008BFE18 /* LaunchScreen.storyboard */ = {
			isa = PBXVariantGroup;
			children = (
				78B7887A1CFDEA1D008BFE18 /* Base */,
			);
			name = LaunchScreen.storyboard;
			sourceTree = "<group>";
		};
/* End PBXVariantGroup section */

/* Begin XCBuildConfiguration section */
		78B7887D1CFDEA1D008BFE18 /* Debug */ = {
			isa = XCBuildConfiguration;
			buildSettings = {
				ALWAYS_SEARCH_USER_PATHS = NO;
				CLANG_ANALYZER_NONNULL = YES;
				CLANG_CXX_LANGUAGE_STANDARD = "gnu++0x";
				CLANG_CXX_LIBRARY = "libc++";
				CLANG_ENABLE_MODULES = YES;
				CLANG_ENABLE_OBJC_ARC = YES;
				CLANG_WARN_BOOL_CONVERSION = YES;
				CLANG_WARN_CONSTANT_CONVERSION = YES;
				CLANG_WARN_DIRECT_OBJC_ISA_USAGE = YES_ERROR;
				CLANG_WARN_EMPTY_BODY = YES;
				CLANG_WARN_ENUM_CONVERSION = YES;
				CLANG_WARN_INT_CONVERSION = YES;
				CLANG_WARN_OBJC_ROOT_CLASS = YES_ERROR;
				CLANG_WARN_UNREACHABLE_CODE = YES;
				CLANG_WARN__DUPLICATE_METHOD_MATCH = YES;
				"CODE_SIGN_IDENTITY[sdk=iphoneos*]" = "iPhone Developer";
				COPY_PHASE_STRIP = NO;
				DEBUG_INFORMATION_FORMAT = dwarf;
				ENABLE_STRICT_OBJC_MSGSEND = YES;
				ENABLE_TESTABILITY = YES;
				GCC_C_LANGUAGE_STANDARD = gnu99;
				GCC_DYNAMIC_NO_PIC = NO;
				GCC_NO_COMMON_BLOCKS = YES;
				GCC_OPTIMIZATION_LEVEL = 0;
				GCC_PREPROCESSOR_DEFINITIONS = (
					"DEBUG=1",
					"$(inherited)",
				);
				GCC_WARN_64_TO_32_BIT_CONVERSION = YES;
				GCC_WARN_ABOUT_RETURN_TYPE = YES_ERROR;
				GCC_WARN_UNDECLARED_SELECTOR = YES;
				GCC_WARN_UNINITIALIZED_AUTOS = YES_AGGRESSIVE;
				GCC_WARN_UNUSED_FUNCTION = YES;
				GCC_WARN_UNUSED_VARIABLE = YES;
				IPHONEOS_DEPLOYMENT_TARGET = 9.3;
				MTL_ENABLE_DEBUG_INFO = YES;
				ONLY_ACTIVE_ARCH = YES;
				SDKROOT = iphoneos;
				SWIFT_OPTIMIZATION_LEVEL = "-Onone";
				TARGETED_DEVICE_FAMILY = 2;
			};
			name = Debug;
		};
		78B7887E1CFDEA1D008BFE18 /* Release */ = {
			isa = XCBuildConfiguration;
			buildSettings = {
				ALWAYS_SEARCH_USER_PATHS = NO;
				CLANG_ANALYZER_NONNULL = YES;
				CLANG_CXX_LANGUAGE_STANDARD = "gnu++0x";
				CLANG_CXX_LIBRARY = "libc++";
				CLANG_ENABLE_MODULES = YES;
				CLANG_ENABLE_OBJC_ARC = YES;
				CLANG_WARN_BOOL_CONVERSION = YES;
				CLANG_WARN_CONSTANT_CONVERSION = YES;
				CLANG_WARN_DIRECT_OBJC_ISA_USAGE = YES_ERROR;
				CLANG_WARN_EMPTY_BODY = YES;
				CLANG_WARN_ENUM_CONVERSION = YES;
				CLANG_WARN_INT_CONVERSION = YES;
				CLANG_WARN_OBJC_ROOT_CLASS = YES_ERROR;
				CLANG_WARN_UNREACHABLE_CODE = YES;
				CLANG_WARN__DUPLICATE_METHOD_MATCH = YES;
				"CODE_SIGN_IDENTITY[sdk=iphoneos*]" = "iPhone Developer";
				COPY_PHASE_STRIP = NO;
				DEBUG_INFORMATION_FORMAT = "dwarf-with-dsym";
				ENABLE_NS_ASSERTIONS = NO;
				ENABLE_STRICT_OBJC_MSGSEND = YES;
				GCC_C_LANGUAGE_STANDARD = gnu99;
				GCC_NO_COMMON_BLOCKS = YES;
				GCC_WARN_64_TO_32_BIT_CONVERSION = YES;
				GCC_WARN_ABOUT_RETURN_TYPE = YES_ERROR;
				GCC_WARN_UNDECLARED_SELECTOR = YES;
				GCC_WARN_UNINITIALIZED_AUTOS = YES_AGGRESSIVE;
				GCC_WARN_UNUSED_FUNCTION = YES;
				GCC_WARN_UNUSED_VARIABLE = YES;
				IPHONEOS_DEPLOYMENT_TARGET = 9.3;
				MTL_ENABLE_DEBUG_INFO = NO;
				SDKROOT = iphoneos;
				TARGETED_DEVICE_FAMILY = 2;
				VALIDATE_PRODUCT = YES;
			};
			name = Release;
		};
		78B788801CFDEA1D008BFE18 /* Debug */ = {
			isa = XCBuildConfiguration;
			buildSettings = {
				ASSETCATALOG_COMPILER_APPICON_NAME = AppIcon;
				CODE_SIGN_IDENTITY = "iPhone Developer";
				"CODE_SIGN_IDENTITY[sdk=iphoneos*]" = "iPhone Developer";
				INFOPLIST_FILE = HWS_project10/Info.plist;
				LD_RUNPATH_SEARCH_PATHS = "$(inherited) @executable_path/Frameworks";
				PRODUCT_BUNDLE_IDENTIFIER = "com.jamaalsedayao.HWS-project10";
				PRODUCT_NAME = "$(TARGET_NAME)";
				PROVISIONING_PROFILE = "";
				TARGETED_DEVICE_FAMILY = 1;
			};
			name = Debug;
		};
		78B788811CFDEA1D008BFE18 /* Release */ = {
			isa = XCBuildConfiguration;
			buildSettings = {
				ASSETCATALOG_COMPILER_APPICON_NAME = AppIcon;
				CODE_SIGN_IDENTITY = "iPhone Developer";
				"CODE_SIGN_IDENTITY[sdk=iphoneos*]" = "iPhone Developer";
				INFOPLIST_FILE = HWS_project10/Info.plist;
				LD_RUNPATH_SEARCH_PATHS = "$(inherited) @executable_path/Frameworks";
				PRODUCT_BUNDLE_IDENTIFIER = "com.jamaalsedayao.HWS-project10";
				PRODUCT_NAME = "$(TARGET_NAME)";
				PROVISIONING_PROFILE = "";
				TARGETED_DEVICE_FAMILY = 1;
			};
			name = Release;
		};
/* End XCBuildConfiguration section */

/* Begin XCConfigurationList section */
		78B788681CFDEA1D008BFE18 /* Build configuration list for PBXProject "HWS_project10" */ = {
			isa = XCConfigurationList;
			buildConfigurations = (
				78B7887D1CFDEA1D008BFE18 /* Debug */,
				78B7887E1CFDEA1D008BFE18 /* Release */,
			);
			defaultConfigurationIsVisible = 0;
			defaultConfigurationName = Release;
		};
		78B7887F1CFDEA1D008BFE18 /* Build configuration list for PBXNativeTarget "HWS_project10" */ = {
			isa = XCConfigurationList;
			buildConfigurations = (
				78B788801CFDEA1D008BFE18 /* Debug */,
				78B788811CFDEA1D008BFE18 /* Release */,
			);
			defaultConfigurationIsVisible = 0;
		};
/* End XCConfigurationList section */
	};
	rootObject = 78B788651CFDEA1D008BFE18 /* Project object */;
}
